// !$*UTF8*$!
{
	archiveVersion = 1;
	classes = {
	};
	objectVersion = 46;
	objects = {

/* Begin PBXBuildFile section */
		89EC55F41F63A3DF00D2F9D6 /* AppDelegate.swift in Sources */ = {isa = PBXBuildFile; fileRef = 89EC55F31F63A3DF00D2F9D6 /* AppDelegate.swift */; };
		89EC55F61F63A3DF00D2F9D6 /* ViewController.swift in Sources */ = {isa = PBXBuildFile; fileRef = 89EC55F51F63A3DF00D2F9D6 /* ViewController.swift */; };
		89EC55F91F63A3DF00D2F9D6 /* Main.storyboard in Resources */ = {isa = PBXBuildFile; fileRef = 89EC55F71F63A3DF00D2F9D6 /* Main.storyboard */; };
		89EC55FB1F63A3DF00D2F9D6 /* Assets.xcassets in Resources */ = {isa = PBXBuildFile; fileRef = 89EC55FA1F63A3DF00D2F9D6 /* Assets.xcassets */; };
		89EC55FE1F63A3DF00D2F9D6 /* LaunchScreen.storyboard in Resources */ = {isa = PBXBuildFile; fileRef = 89EC55FC1F63A3DF00D2F9D6 /* LaunchScreen.storyboard */; };
/* End PBXBuildFile section */

/* Begin PBXFileReference section */
		89EC55F01F63A3DF00D2F9D6 /* panda_viewer.app */ = {isa = PBXFileReference; explicitFileType = wrapper.application; includeInIndex = 0; path = panda_viewer.app; sourceTree = BUILT_PRODUCTS_DIR; };
		89EC55F31F63A3DF00D2F9D6 /* AppDelegate.swift */ = {isa = PBXFileReference; lastKnownFileType = sourcecode.swift; path = AppDelegate.swift; sourceTree = "<group>"; };
		89EC55F51F63A3DF00D2F9D6 /* ViewController.swift */ = {isa = PBXFileReference; lastKnownFileType = sourcecode.swift; path = ViewController.swift; sourceTree = "<group>"; };
		89EC55F81F63A3DF00D2F9D6 /* Base */ = {isa = PBXFileReference; lastKnownFileType = file.storyboard; name = Base; path = Base.lproj/Main.storyboard; sourceTree = "<group>"; };
		89EC55FA1F63A3DF00D2F9D6 /* Assets.xcassets */ = {isa = PBXFileReference; lastKnownFileType = folder.assetcatalog; path = Assets.xcassets; sourceTree = "<group>"; };
		89EC55FD1F63A3DF00D2F9D6 /* Base */ = {isa = PBXFileReference; lastKnownFileType = file.storyboard; name = Base; path = Base.lproj/LaunchScreen.storyboard; sourceTree = "<group>"; };
		89EC55FF1F63A3DF00D2F9D6 /* Info.plist */ = {isa = PBXFileReference; lastKnownFileType = text.plist.xml; path = Info.plist; sourceTree = "<group>"; };
/* End PBXFileReference section */

/* Begin PBXFrameworksBuildPhase section */
		89EC55ED1F63A3DF00D2F9D6 /* Frameworks */ = {
			isa = PBXFrameworksBuildPhase;
			buildActionMask = 2147483647;
			files = (
			);
			runOnlyForDeploymentPostprocessing = 0;
		};
/* End PBXFrameworksBuildPhase section */

/* Begin PBXGroup section */
		89EC55E71F63A3DF00D2F9D6 = {
			isa = PBXGroup;
			children = (
				89EC55F21F63A3DF00D2F9D6 /* panda_viewer */,
				89EC55F11F63A3DF00D2F9D6 /* Products */,
			);
			sourceTree = "<group>";
		};
		89EC55F11F63A3DF00D2F9D6 /* Products */ = {
			isa = PBXGroup;
			children = (
				89EC55F01F63A3DF00D2F9D6 /* panda_viewer.app */,
			);
			name = Products;
			sourceTree = "<group>";
		};
		89EC55F21F63A3DF00D2F9D6 /* panda_viewer */ = {
			isa = PBXGroup;
			children = (
				89EC55F31F63A3DF00D2F9D6 /* AppDelegate.swift */,
				89EC55F51F63A3DF00D2F9D6 /* ViewController.swift */,
				89EC55F71F63A3DF00D2F9D6 /* Main.storyboard */,
				89EC55FA1F63A3DF00D2F9D6 /* Assets.xcassets */,
				89EC55FC1F63A3DF00D2F9D6 /* LaunchScreen.storyboard */,
				89EC55FF1F63A3DF00D2F9D6 /* Info.plist */,
			);
			path = panda_viewer;
			sourceTree = "<group>";
		};
/* End PBXGroup section */

/* Begin PBXNativeTarget section */
		89EC55EF1F63A3DF00D2F9D6 /* panda_viewer */ = {
			isa = PBXNativeTarget;
			buildConfigurationList = 89EC56021F63A3DF00D2F9D6 /* Build configuration list for PBXNativeTarget "panda_viewer" */;
			buildPhases = (
				89EC55EC1F63A3DF00D2F9D6 /* Sources */,
				89EC55ED1F63A3DF00D2F9D6 /* Frameworks */,
				89EC55EE1F63A3DF00D2F9D6 /* Resources */,
			);
			buildRules = (
			);
			dependencies = (
			);
			name = panda_viewer;
			productName = panda_viewer;
			productReference = 89EC55F01F63A3DF00D2F9D6 /* panda_viewer.app */;
			productType = "com.apple.product-type.application";
		};
/* End PBXNativeTarget section */

/* Begin PBXProject section */
		89EC55E81F63A3DF00D2F9D6 /* Project object */ = {
			isa = PBXProject;
			attributes = {
				LastSwiftUpdateCheck = 0830;
				LastUpgradeCheck = 0830;
				ORGANIZATIONNAME = "刘轩裕";
				TargetAttributes = {
					89EC55EF1F63A3DF00D2F9D6 = {
						CreatedOnToolsVersion = 8.3.3;
						DevelopmentTeam = 6Z3695X4Z9;
						ProvisioningStyle = Automatic;
					};
				};
			};
			buildConfigurationList = 89EC55EB1F63A3DF00D2F9D6 /* Build configuration list for PBXProject "panda_viewer" */;
			compatibilityVersion = "Xcode 3.2";
			developmentRegion = English;
			hasScannedForEncodings = 0;
			knownRegions = (
				en,
				Base,
			);
			mainGroup = 89EC55E71F63A3DF00D2F9D6;
			productRefGroup = 89EC55F11F63A3DF00D2F9D6 /* Products */;
			projectDirPath = "";
			projectRoot = "";
			targets = (
				89EC55EF1F63A3DF00D2F9D6 /* panda_viewer */,
			);
		};
/* End PBXProject section */

/* Begin PBXResourcesBuildPhase section */
		89EC55EE1F63A3DF00D2F9D6 /* Resources */ = {
			isa = PBXResourcesBuildPhase;
			buildActionMask = 2147483647;
			files = (
				89EC55FE1F63A3DF00D2F9D6 /* LaunchScreen.storyboard in Resources */,
				89EC55FB1F63A3DF00D2F9D6 /* Assets.xcassets in Resources */,
				89EC55F91F63A3DF00D2F9D6 /* Main.storyboard in Resources */,
			);
			runOnlyForDeploymentPostprocessing = 0;
		};
/* End PBXResourcesBuildPhase section */

/* Begin PBXSourcesBuildPhase section */
		89EC55EC1F63A3DF00D2F9D6 /* Sources */ = {
			isa = PBXSourcesBuildPhase;
			buildActionMask = 2147483647;
			files = (
				89EC55F61F63A3DF00D2F9D6 /* ViewController.swift in Sources */,
				89EC55F41F63A3DF00D2F9D6 /* AppDelegate.swift in Sources */,
			);
			runOnlyForDeploymentPostprocessing = 0;
		};
/* End PBXSourcesBuildPhase section */

/* Begin PBXVariantGroup section */
		89EC55F71F63A3DF00D2F9D6 /* Main.storyboard */ = {
			isa = PBXVariantGroup;
			children = (
				89EC55F81F63A3DF00D2F9D6 /* Base */,
			);
			name = Main.storyboard;
			sourceTree = "<group>";
		};
		89EC55FC1F63A3DF00D2F9D6 /* LaunchScreen.storyboard */ = {
			isa = PBXVariantGroup;
			children = (
				89EC55FD1F63A3DF00D2F9D6 /* Base */,
			);
			name = LaunchScreen.storyboard;
			sourceTree = "<group>";
		};
/* End PBXVariantGroup section */

/* Begin XCBuildConfiguration section */
		89EC56001F63A3DF00D2F9D6 /* Debug */ = {
			isa = XCBuildConfiguration;
			buildSettings = {
				ALWAYS_SEARCH_USER_PATHS = NO;
				CLANG_ANALYZER_NONNULL = YES;
				CLANG_ANALYZER_NUMBER_OBJECT_CONVERSION = YES_AGGRESSIVE;
				CLANG_CXX_LANGUAGE_STANDARD = "gnu++0x";
				CLANG_CXX_LIBRARY = "libc++";
				CLANG_ENABLE_MODULES = YES;
				CLANG_ENABLE_OBJC_ARC = YES;
				CLANG_WARN_BOOL_CONVERSION = YES;
				CLANG_WARN_CONSTANT_CONVERSION = YES;
				CLANG_WARN_DIRECT_OBJC_ISA_USAGE = YES_ERROR;
				CLANG_WARN_DOCUMENTATION_COMMENTS = YES;
				CLANG_WARN_EMPTY_BODY = YES;
				CLANG_WARN_ENUM_CONVERSION = YES;
				CLANG_WARN_INFINITE_RECURSION = YES;
				CLANG_WARN_INT_CONVERSION = YES;
				CLANG_WARN_OBJC_ROOT_CLASS = YES_ERROR;
				CLANG_WARN_SUSPICIOUS_MOVE = YES;
				CLANG_WARN_UNREACHABLE_CODE = YES;
				CLANG_WARN__DUPLICATE_METHOD_MATCH = YES;
				"CODE_SIGN_IDENTITY[sdk=iphoneos*]" = "iPhone Developer";
				COPY_PHASE_STRIP = NO;
				DEBUG_INFORMATION_FORMAT = dwarf;
				ENABLE_STRICT_OBJC_MSGSEND = YES;
				ENABLE_TESTABILITY = YES;
				GCC_C_LANGUAGE_STANDARD = gnu99;
				GCC_DYNAMIC_NO_PIC = NO;
				GCC_NO_COMMON_BLOCKS = YES;
				GCC_OPTIMIZATION_LEVEL = 0;
				GCC_PREPROCESSOR_DEFINITIONS = (
					"DEBUG=1",
					"$(inherited)",
				);
				GCC_WARN_64_TO_32_BIT_CONVERSION = YES;
				GCC_WARN_ABOUT_RETURN_TYPE = YES_ERROR;
				GCC_WARN_UNDECLARED_SELECTOR = YES;
				GCC_WARN_UNINITIALIZED_AUTOS = YES_AGGRESSIVE;
				GCC_WARN_UNUSED_FUNCTION = YES;
				GCC_WARN_UNUSED_VARIABLE = YES;
				IPHONEOS_DEPLOYMENT_TARGET = 10.3;
				MTL_ENABLE_DEBUG_INFO = YES;
				ONLY_ACTIVE_ARCH = YES;
				SDKROOT = iphoneos;
				SWIFT_ACTIVE_COMPILATION_CONDITIONS = DEBUG;
				SWIFT_OPTIMIZATION_LEVEL = "-Onone";
				TARGETED_DEVICE_FAMILY = "1,2";
			};
			name = Debug;
		};
		89EC56011F63A3DF00D2F9D6 /* Release */ = {
			isa = XCBuildConfiguration;
			buildSettings = {
				ALWAYS_SEARCH_USER_PATHS = NO;
				CLANG_ANALYZER_NONNULL = YES;
				CLANG_ANALYZER_NUMBER_OBJECT_CONVERSION = YES_AGGRESSIVE;
				CLANG_CXX_LANGUAGE_STANDARD = "gnu++0x";
				CLANG_CXX_LIBRARY = "libc++";
				CLANG_ENABLE_MODULES = YES;
				CLANG_ENABLE_OBJC_ARC = YES;
				CLANG_WARN_BOOL_CONVERSION = YES;
				CLANG_WARN_CONSTANT_CONVERSION = YES;
				CLANG_WARN_DIRECT_OBJC_ISA_USAGE = YES_ERROR;
				CLANG_WARN_DOCUMENTATION_COMMENTS = YES;
				CLANG_WARN_EMPTY_BODY = YES;
				CLANG_WARN_ENUM_CONVERSION = YES;
				CLANG_WARN_INFINITE_RECURSION = YES;
				CLANG_WARN_INT_CONVERSION = YES;
				CLANG_WARN_OBJC_ROOT_CLASS = YES_ERROR;
				CLANG_WARN_SUSPICIOUS_MOVE = YES;
				CLANG_WARN_UNREACHABLE_CODE = YES;
				CLANG_WARN__DUPLICATE_METHOD_MATCH = YES;
				"CODE_SIGN_IDENTITY[sdk=iphoneos*]" = "iPhone Developer";
				COPY_PHASE_STRIP = NO;
				DEBUG_INFORMATION_FORMAT = "dwarf-with-dsym";
				ENABLE_NS_ASSERTIONS = NO;
				ENABLE_STRICT_OBJC_MSGSEND = YES;
				GCC_C_LANGUAGE_STANDARD = gnu99;
				GCC_NO_COMMON_BLOCKS = YES;
				GCC_WARN_64_TO_32_BIT_CONVERSION = YES;
				GCC_WARN_ABOUT_RETURN_TYPE = YES_ERROR;
				GCC_WARN_UNDECLARED_SELECTOR = YES;
				GCC_WARN_UNINITIALIZED_AUTOS = YES_AGGRESSIVE;
				GCC_WARN_UNUSED_FUNCTION = YES;
				GCC_WARN_UNUSED_VARIABLE = YES;
				IPHONEOS_DEPLOYMENT_TARGET = 10.3;
				MTL_ENABLE_DEBUG_INFO = NO;
				SDKROOT = iphoneos;
				SWIFT_OPTIMIZATION_LEVEL = "-Owholemodule";
				TARGETED_DEVICE_FAMILY = "1,2";
				VALIDATE_PRODUCT = YES;
			};
			name = Release;
		};
		89EC56031F63A3DF00D2F9D6 /* Debug */ = {
			isa = XCBuildConfiguration;
			buildSettings = {
				ASSETCATALOG_COMPILER_APPICON_NAME = AppIcon;
				DEVELOPMENT_TEAM = 6Z3695X4Z9;
				INFOPLIST_FILE = panda_viewer/Info.plist;
				LD_RUNPATH_SEARCH_PATHS = "$(inherited) @executable_path/Frameworks";
				PRODUCT_BUNDLE_IDENTIFIER = "salted.fish.panda-viewer";
				PRODUCT_NAME = "$(TARGET_NAME)";
				SWIFT_VERSION = 3.0;
			};
			name = Debug;
		};
		89EC56041F63A3DF00D2F9D6 /* Release */ = {
			isa = XCBuildConfiguration;
			buildSettings = {
				ASSETCATALOG_COMPILER_APPICON_NAME = AppIcon;
				DEVELOPMENT_TEAM = 6Z3695X4Z9;
				INFOPLIST_FILE = panda_viewer/Info.plist;
				LD_RUNPATH_SEARCH_PATHS = "$(inherited) @executable_path/Frameworks";
				PRODUCT_BUNDLE_IDENTIFIER = "salted.fish.panda-viewer";
				PRODUCT_NAME = "$(TARGET_NAME)";
				SWIFT_VERSION = 3.0;
			};
			name = Release;
		};
/* End XCBuildConfiguration section */

/* Begin XCConfigurationList section */
		89EC55EB1F63A3DF00D2F9D6 /* Build configuration list for PBXProject "panda_viewer" */ = {
			isa = XCConfigurationList;
			buildConfigurations = (
				89EC56001F63A3DF00D2F9D6 /* Debug */,
				89EC56011F63A3DF00D2F9D6 /* Release */,
			);
			defaultConfigurationIsVisible = 0;
			defaultConfigurationName = Release;
		};
		89EC56021F63A3DF00D2F9D6 /* Build configuration list for PBXNativeTarget "panda_viewer" */ = {
			isa = XCConfigurationList;
			buildConfigurations = (
				89EC56031F63A3DF00D2F9D6 /* Debug */,
				89EC56041F63A3DF00D2F9D6 /* Release */,
			);
			defaultConfigurationIsVisible = 0;
		};
/* End XCConfigurationList section */
	};
	rootObject = 89EC55E81F63A3DF00D2F9D6 /* Project object */;
}
